
Microsoft Visual Studio Solution File, Format Version 12.00
# Visual Studio 15
VisualStudioVersion = 15.0.28010.2046
MinimumVisualStudioVersion = 10.0.40219.1
Project("{FAE04EC0-301F-11D3-BF4B-00C04F79EFBC}") = "Language-Integrated Query Tasks", "Language-Integrated Query Tasks\Language-Integrated Query Tasks.csproj", "{D10678AC-660A-4932-894D-0C662C57EE6D}"
EndProject
Global
	GlobalSection(SolutionConfigurationPlatforms) = preSolution
		Debug|Any CPU = Debug|Any CPU
		Release|Any CPU = Release|Any CPU
	EndGlobalSection
	GlobalSection(ProjectConfigurationPlatforms) = postSolution
		{D10678AC-660A-4932-894D-0C662C57EE6D}.Debug|Any CPU.ActiveCfg = Debug|Any CPU
		{D10678AC-660A-4932-894D-0C662C57EE6D}.Debug|Any CPU.Build.0 = Debug|Any CPU
		{D10678AC-660A-4932-894D-0C662C57EE6D}.Release|Any CPU.ActiveCfg = Release|Any CPU
		{D10678AC-660A-4932-894D-0C662C57EE6D}.Release|Any CPU.Build.0 = Release|Any CPU
	EndGlobalSection
	GlobalSection(SolutionProperties) = preSolution
		HideSolutionNode = FALSE
	EndGlobalSection
	GlobalSection(ExtensibilityGlobals) = postSolution
		SolutionGuid = {633C90D5-518E-448D-B932-EA343A7226E4}
	EndGlobalSection
EndGlobal
